
Microsoft Visual Studio Solution File, Format Version 12.00
# Visual Studio 15
VisualStudioVersion = 15.0.27703.2047
MinimumVisualStudioVersion = 10.0.40219.1
Project("{9A19103F-16F7-4668-BE54-9A1E7A4F7556}") = "Google.Cloud.Datastore.V1.Mapper", "Google.Cloud.Datastore.V1.Mapper\Google.Cloud.Datastore.V1.Mapper.csproj", "{932F9CF4-58E9-499C-A30D-E3470145ADDC}"
EndProject
Project("{FAE04EC0-301F-11D3-BF4B-00C04F79EFBC}") = "MapperTests", "MapperTests\MapperTests.csproj", "{AF07AA63-D230-40B9-B621-6D6F8F69AAFC}"
EndProject
Global
	GlobalSection(SolutionConfigurationPlatforms) = preSolution
		Debug|Any CPU = Debug|Any CPU
		Release|Any CPU = Release|Any CPU
	EndGlobalSection
	GlobalSection(ProjectConfigurationPlatforms) = postSolution
		{932F9CF4-58E9-499C-A30D-E3470145ADDC}.Debug|Any CPU.ActiveCfg = Debug|Any CPU
		{932F9CF4-58E9-499C-A30D-E3470145ADDC}.Debug|Any CPU.Build.0 = Debug|Any CPU
		{932F9CF4-58E9-499C-A30D-E3470145ADDC}.Release|Any CPU.ActiveCfg = Release|Any CPU
		{932F9CF4-58E9-499C-A30D-E3470145ADDC}.Release|Any CPU.Build.0 = Release|Any CPU
		{AF07AA63-D230-40B9-B621-6D6F8F69AAFC}.Debug|Any CPU.ActiveCfg = Debug|Any CPU
		{AF07AA63-D230-40B9-B621-6D6F8F69AAFC}.Debug|Any CPU.Build.0 = Debug|Any CPU
		{AF07AA63-D230-40B9-B621-6D6F8F69AAFC}.Release|Any CPU.ActiveCfg = Release|Any CPU
		{AF07AA63-D230-40B9-B621-6D6F8F69AAFC}.Release|Any CPU.Build.0 = Release|Any CPU
	EndGlobalSection
	GlobalSection(SolutionProperties) = preSolution
		HideSolutionNode = FALSE
	EndGlobalSection
	GlobalSection(ExtensibilityGlobals) = postSolution
		SolutionGuid = {A13B4663-7192-4B0E-A405-0ACD1AA89E06}
	EndGlobalSection
EndGlobal
